
Microsoft Visual Studio Solution File, Format Version 12.00
# Visual Studio 14
VisualStudioVersion = 14.0.25420.1
MinimumVisualStudioVersion = 10.0.40219.1
Project("{FAE04EC0-301F-11D3-BF4B-00C04F79EFBC}") = "Abc.Northwind.Entities", "Abc.Northwind.Entities\Abc.Northwind.Entities.csproj", "{5E35C737-B0E9-4E39-822D-6643FE22B6E0}"
EndProject
Project("{FAE04EC0-301F-11D3-BF4B-00C04F79EFBC}") = "Abc.Northwind.Business", "Abc.Northwind.Business\Abc.Northwind.Business.csproj", "{CEC289A1-55E7-49FA-81FC-E51217FAA88F}"
EndProject
Project("{FAE04EC0-301F-11D3-BF4B-00C04F79EFBC}") = "Abc.Northwind.DataAccess", "Abc.Northwind.DataAccess\Abc.Northwind.DataAccess.csproj", "{30D0C097-9078-45E8-9448-09422FF73BF4}"
EndProject
Project("{FAE04EC0-301F-11D3-BF4B-00C04F79EFBC}") = "Abc.Core", "Abc.Core\Abc.Core.csproj", "{1AAE7E9F-0DCE-4621-A5CA-A9C39D9D4B88}"
EndProject
Project("{FAE04EC0-301F-11D3-BF4B-00C04F79EFBC}") = "Abc.Northwind.MvcWebUI", "Abc.Northwind.MvcWebUI\Abc.Northwind.MvcWebUI.csproj", "{2A802737-C7AD-47D6-9A2B-04767497F962}"
EndProject
Project("{FAE04EC0-301F-11D3-BF4B-00C04F79EFBC}") = "Abc.Northwind.WebAPI", "Abc.Northwind.WebAPI\Abc.Northwind.WebAPI.csproj", "{A4966FA1-E5A9-4D05-A8A6-E8445F9E6FCF}"
EndProject
Project("{E24C65DC-7377-472B-9ABA-BC803B73C61A}") = "Abc.Northwind.WcfService", "Abc.Northwind.WcfService\", "{8A1E48F5-9415-4676-AC54-650E5B11AB33}"
	ProjectSection(WebsiteProperties) = preProject
		TargetFrameworkMoniker = ".NETFramework,Version%3Dv4.6.1"
		Debug.AspNetCompiler.VirtualPath = "/localhost_54452"
		Debug.AspNetCompiler.PhysicalPath = "Abc.Northwind.WcfService\"
		Debug.AspNetCompiler.TargetPath = "PrecompiledWeb\localhost_54452\"
		Debug.AspNetCompiler.Updateable = "true"
		Debug.AspNetCompiler.ForceOverwrite = "true"
		Debug.AspNetCompiler.FixedNames = "false"
		Debug.AspNetCompiler.Debug = "True"
		Release.AspNetCompiler.VirtualPath = "/localhost_54452"
		Release.AspNetCompiler.PhysicalPath = "Abc.Northwind.WcfService\"
		Release.AspNetCompiler.TargetPath = "PrecompiledWeb\localhost_54452\"
		Release.AspNetCompiler.Updateable = "true"
		Release.AspNetCompiler.ForceOverwrite = "true"
		Release.AspNetCompiler.FixedNames = "false"
		Release.AspNetCompiler.Debug = "False"
		VWDPort = "54452"
		SlnRelativePath = "Abc.Northwind.WcfService\"
		DefaultWebSiteLanguage = "Visual C#"
	EndProjectSection
EndProject
Project("{FAE04EC0-301F-11D3-BF4B-00C04F79EFBC}") = "Abc.Northwind.ConsoleUI", "Abc.Northwind.ConsoleUI\Abc.Northwind.ConsoleUI.csproj", "{427AE470-74C0-4915-97F8-F185352A9E3E}"
EndProject
Global
	GlobalSection(SolutionConfigurationPlatforms) = preSolution
		Debug|Any CPU = Debug|Any CPU
		Release|Any CPU = Release|Any CPU
	EndGlobalSection
	GlobalSection(ProjectConfigurationPlatforms) = postSolution
		{5E35C737-B0E9-4E39-822D-6643FE22B6E0}.Debug|Any CPU.ActiveCfg = Debug|Any CPU
		{5E35C737-B0E9-4E39-822D-6643FE22B6E0}.Debug|Any CPU.Build.0 = Debug|Any CPU
		{5E35C737-B0E9-4E39-822D-6643FE22B6E0}.Release|Any CPU.ActiveCfg = Release|Any CPU
		{5E35C737-B0E9-4E39-822D-6643FE22B6E0}.Release|Any CPU.Build.0 = Release|Any CPU
		{CEC289A1-55E7-49FA-81FC-E51217FAA88F}.Debug|Any CPU.ActiveCfg = Debug|Any CPU
		{CEC289A1-55E7-49FA-81FC-E51217FAA88F}.Debug|Any CPU.Build.0 = Debug|Any CPU
		{CEC289A1-55E7-49FA-81FC-E51217FAA88F}.Release|Any CPU.ActiveCfg = Release|Any CPU
		{CEC289A1-55E7-49FA-81FC-E51217FAA88F}.Release|Any CPU.Build.0 = Release|Any CPU
		{30D0C097-9078-45E8-9448-09422FF73BF4}.Debug|Any CPU.ActiveCfg = Debug|Any CPU
		{30D0C097-9078-45E8-9448-09422FF73BF4}.Debug|Any CPU.Build.0 = Debug|Any CPU
		{30D0C097-9078-45E8-9448-09422FF73BF4}.Release|Any CPU.ActiveCfg = Release|Any CPU
		{30D0C097-9078-45E8-9448-09422FF73BF4}.Release|Any CPU.Build.0 = Release|Any CPU
		{1AAE7E9F-0DCE-4621-A5CA-A9C39D9D4B88}.Debug|Any CPU.ActiveCfg = Debug|Any CPU
		{1AAE7E9F-0DCE-4621-A5CA-A9C39D9D4B88}.Debug|Any CPU.Build.0 = Debug|Any CPU
		{1AAE7E9F-0DCE-4621-A5CA-A9C39D9D4B88}.Release|Any CPU.ActiveCfg = Release|Any CPU
		{1AAE7E9F-0DCE-4621-A5CA-A9C39D9D4B88}.Release|Any CPU.Build.0 = Release|Any CPU
		{2A802737-C7AD-47D6-9A2B-04767497F962}.Debug|Any CPU.ActiveCfg = Debug|Any CPU
		{2A802737-C7AD-47D6-9A2B-04767497F962}.Debug|Any CPU.Build.0 = Debug|Any CPU
		{2A802737-C7AD-47D6-9A2B-04767497F962}.Release|Any CPU.ActiveCfg = Release|Any CPU
		{2A802737-C7AD-47D6-9A2B-04767497F962}.Release|Any CPU.Build.0 = Release|Any CPU
		{A4966FA1-E5A9-4D05-A8A6-E8445F9E6FCF}.Debug|Any CPU.ActiveCfg = Debug|Any CPU
		{A4966FA1-E5A9-4D05-A8A6-E8445F9E6FCF}.Debug|Any CPU.Build.0 = Debug|Any CPU
		{A4966FA1-E5A9-4D05-A8A6-E8445F9E6FCF}.Release|Any CPU.ActiveCfg = Release|Any CPU
		{A4966FA1-E5A9-4D05-A8A6-E8445F9E6FCF}.Release|Any CPU.Build.0 = Release|Any CPU
		{8A1E48F5-9415-4676-AC54-650E5B11AB33}.Debug|Any CPU.ActiveCfg = Debug|Any CPU
		{8A1E48F5-9415-4676-AC54-650E5B11AB33}.Debug|Any CPU.Build.0 = Debug|Any CPU
		{8A1E48F5-9415-4676-AC54-650E5B11AB33}.Release|Any CPU.ActiveCfg = Debug|Any CPU
		{8A1E48F5-9415-4676-AC54-650E5B11AB33}.Release|Any CPU.Build.0 = Debug|Any CPU
		{427AE470-74C0-4915-97F8-F185352A9E3E}.Debug|Any CPU.ActiveCfg = Debug|Any CPU
		{427AE470-74C0-4915-97F8-F185352A9E3E}.Debug|Any CPU.Build.0 = Debug|Any CPU
		{427AE470-74C0-4915-97F8-F185352A9E3E}.Release|Any CPU.ActiveCfg = Release|Any CPU
		{427AE470-74C0-4915-97F8-F185352A9E3E}.Release|Any CPU.Build.0 = Release|Any CPU
	EndGlobalSection
	GlobalSection(SolutionProperties) = preSolution
		HideSolutionNode = FALSE
	EndGlobalSection
EndGlobal
